# THIS IS AN AUTOGENERATED FILE. DO NOT EDIT THIS FILE DIRECTLY.
# yarn lockfile v1


tone@^13.4.9:
  version "13.4.9"
  resolved "https://registry.yarnpkg.com/tone/-/tone-13.4.9.tgz#c5e9f69d0cdea6d2fa03e108766b10d5f9185dde"
  integrity sha512-jU3MJOzt9wcGbo57TIzgAQe13EgwvdC7N6N/cA6ZkGYHH8gop+L6a87NRP3LIBCcJxVps6I6i/39ZUJI2aCWUA==
